{
  "nodes": {
    "nixpkgs": {
      "locked": {
        "lastModified": 1760573772,
        "narHash": "sha256-RoIm6fgfvnkNQldHrbBhtAaFyiWJV5KF4D0dI41Fr90=",
        "rev": "544961dfcce86422ba200ed9a0b00dd4b1486ec5",
        "type": "tarball",
        "url": "https://releases.nixos.org/nixos/unstable/nixos-25.11pre878042.544961dfcce8/nixexprs.tar.xz"
      },
      "original": {
        "type": "tarball",
        "url": "https://channels.nixos.org/nixos-unstable/nixexprs.tar.xz"
      }
    },
    "root": {
      "inputs": {
        "nixpkgs": "nixpkgs",
        "zon2nix": "zon2nix"
      }
    },
    "zon2nix": {
      "inputs": {
        "nixpkgs": [
          "nixpkgs"
        ]
      },
      "locked": {
        "lastModified": 1757273192,
        "narHash": "sha256-4XyJ6fmKd9wgJ7vHUQuULYy5ps2gUgkkDk/PrJb2OPY=",
        "owner": "jcollie",
        "repo": "zon2nix",
        "rev": "728e15a05e8f48765a64f74d5720ec0a2567fe95",
        "type": "github"
      },
      "original": {
        "owner": "jcollie",
        "ref": "728e15a05e8f48765a64f74d5720ec0a2567fe95",
        "repo": "zon2nix",
        "type": "github"
      }
    }
  },
  "root": "root",
  "version": 7
}
