{
  "nodes": {
    "nixpkgs": {
      "locked": {
        "lastModified": 1779357205,
        "narHash": "sha256-STlbE8L45Uutxaffotwjqp+nX6g6jqc/mnx/7DxODyA=",
        "rev": "f83fc3c307e74bc5fd5adb7eb6b8b13ffd2a36e1",
        "type": "tarball",
        "url": "https://releases.nixos.org/nixos/unstable/nixos-26.05pre1002845.f83fc3c307e7/nixexprs.tar.xz"
      },
      "original": {
        "type": "tarball",
        "url": "https://channels.nixos.org/nixos-unstable/nixexprs.tar.xz"
      }
    },
    "root": {
      "inputs": {
        "nixpkgs": "nixpkgs",
        "zon2nix": "zon2nix"
      }
    },
    "zon2nix": {
      "inputs": {
        "nixpkgs": [
          "nixpkgs"
        ]
      },
      "locked": {
        "lastModified": 1778078000,
        "narHash": "sha256-0djKIL0E8Y1W495bzIkmbCub571ubghZx3Fg7xQPNrk=",
        "owner": "jcollie",
        "repo": "zon2nix",
        "rev": "a9f46c6fe9177135a3001e26ec76715bb998c6cf",
        "type": "github"
      },
      "original": {
        "owner": "jcollie",
        "repo": "zon2nix",
        "type": "github"
      }
    }
  },
  "root": "root",
  "version": 7
}
